
Microsoft Visual Studio Solution File, Format Version 12.00
# Visual Studio Version 17
VisualStudioVersion = 17.6.33815.320
MinimumVisualStudioVersion = 10.0.40219.1
Project("{FAE04EC0-301F-11D3-BF4B-00C04F79EFBC}") = "UserRegex", "UserRegex.csproj", "{B4B51E2B-3627-40D8-A118-CED11907E1EA}"
EndProject
Global
	GlobalSection(SolutionConfigurationPlatforms) = preSolution
		Debug|Any CPU = Debug|Any CPU
		Release|Any CPU = Release|Any CPU
	EndGlobalSection
	GlobalSection(ProjectConfigurationPlatforms) = postSolution
		{B4B51E2B-3627-40D8-A118-CED11907E1EA}.Debug|Any CPU.ActiveCfg = Debug|Any CPU
		{B4B51E2B-3627-40D8-A118-CED11907E1EA}.Debug|Any CPU.Build.0 = Debug|Any CPU
		{B4B51E2B-3627-40D8-A118-CED11907E1EA}.Release|Any CPU.ActiveCfg = Release|Any CPU
		{B4B51E2B-3627-40D8-A118-CED11907E1EA}.Release|Any CPU.Build.0 = Release|Any CPU
	EndGlobalSection
	GlobalSection(SolutionProperties) = preSolution
		HideSolutionNode = FALSE
	EndGlobalSection
	GlobalSection(ExtensibilityGlobals) = postSolution
		SolutionGuid = {DFF94708-A98D-44B1-A68A-8FA5BC7F6A11}
	EndGlobalSection
EndGlobal
